
Microsoft Visual Studio Solution File, Format Version 12.00
# Visual Studio Version 17
VisualStudioVersion = 17.9.34607.119
MinimumVisualStudioVersion = 10.0.40219.1
Project("{FAE04EC0-301F-11D3-BF4B-00C04F79EFBC}") = "distributore di benzina", "distributore di benzina\distributore di benzina.csproj", "{969B6F32-A801-419E-8A3E-C259875CEE7E}"
EndProject
Global
	GlobalSection(SolutionConfigurationPlatforms) = preSolution
		Debug|Any CPU = Debug|Any CPU
		Release|Any CPU = Release|Any CPU
	EndGlobalSection
	GlobalSection(ProjectConfigurationPlatforms) = postSolution
		{969B6F32-A801-419E-8A3E-C259875CEE7E}.Debug|Any CPU.ActiveCfg = Debug|Any CPU
		{969B6F32-A801-419E-8A3E-C259875CEE7E}.Debug|Any CPU.Build.0 = Debug|Any CPU
		{969B6F32-A801-419E-8A3E-C259875CEE7E}.Release|Any CPU.ActiveCfg = Release|Any CPU
		{969B6F32-A801-419E-8A3E-C259875CEE7E}.Release|Any CPU.Build.0 = Release|Any CPU
	EndGlobalSection
	GlobalSection(SolutionProperties) = preSolution
		HideSolutionNode = FALSE
	EndGlobalSection
	GlobalSection(ExtensibilityGlobals) = postSolution
		SolutionGuid = {E3AE6C39-BE7B-4CFE-AF6A-7753D8D3F333}
	EndGlobalSection
EndGlobal
